{
    "name": "asp.net",
    "version": "1.0.0",
    "lockfileVersion": 1,
    "requires": true,
    "dependencies": {
        "@popperjs/core": {
            "version": "2.9.3",
            "resolved": "https://registry.npmjs.org/@popperjs/core/-/core-2.9.3.tgz",
            "integrity": "sha512-xDu17cEfh7Kid/d95kB6tZsLOmSWKCZKtprnhVepjsSaCij+lM3mItSJDuuHDMbCWTh8Ejmebwb+KONcCJ0eXQ==",
            "dev": true
        },
        "bootstrap": {
            "version": "5.1.1",
            "resolved": "https://registry.npmjs.org/bootstrap/-/bootstrap-5.1.1.tgz",
            "integrity": "sha512-/jUa4sSuDZWlDLQ1gwQQR8uoYSvLJzDd8m5o6bPKh3asLAMYVZKdRCjb1joUd5WXf0WwCNzd2EjwQQhupou0dA==",
            "dev": true
        }
    }
}
