
Microsoft Visual Studio Solution File, Format Version 12.00
# Visual Studio Version 16
VisualStudioVersion = 16.0.30503.244
MinimumVisualStudioVersion = 10.0.40219.1
Project("{9A19103F-16F7-4668-BE54-9A1E7A4F7556}") = "MongoService", "Services\MongoService.csproj", "{655E72C7-C32F-4A40-88EF-8DB3CD714093}"
EndProject
Project("{9A19103F-16F7-4668-BE54-9A1E7A4F7556}") = "Models", "Models\Models.csproj", "{B35A6338-679C-4134-AA09-2B66276714D3}"
EndProject
Project("{FAE04EC0-301F-11D3-BF4B-00C04F79EFBC}") = "SyncService", "SyncService\SyncService.csproj", "{F75AE06E-BD5F-47B0-A73D-7B16DCCA4A95}"
EndProject
Global
	GlobalSection(SolutionConfigurationPlatforms) = preSolution
		Debug|Any CPU = Debug|Any CPU
		Release|Any CPU = Release|Any CPU
	EndGlobalSection
	GlobalSection(ProjectConfigurationPlatforms) = postSolution
		{655E72C7-C32F-4A40-88EF-8DB3CD714093}.Debug|Any CPU.ActiveCfg = Debug|Any CPU
		{655E72C7-C32F-4A40-88EF-8DB3CD714093}.Debug|Any CPU.Build.0 = Debug|Any CPU
		{655E72C7-C32F-4A40-88EF-8DB3CD714093}.Release|Any CPU.ActiveCfg = Release|Any CPU
		{655E72C7-C32F-4A40-88EF-8DB3CD714093}.Release|Any CPU.Build.0 = Release|Any CPU
		{B35A6338-679C-4134-AA09-2B66276714D3}.Debug|Any CPU.ActiveCfg = Debug|Any CPU
		{B35A6338-679C-4134-AA09-2B66276714D3}.Debug|Any CPU.Build.0 = Debug|Any CPU
		{B35A6338-679C-4134-AA09-2B66276714D3}.Release|Any CPU.ActiveCfg = Release|Any CPU
		{B35A6338-679C-4134-AA09-2B66276714D3}.Release|Any CPU.Build.0 = Release|Any CPU
		{F75AE06E-BD5F-47B0-A73D-7B16DCCA4A95}.Debug|Any CPU.ActiveCfg = Debug|Any CPU
		{F75AE06E-BD5F-47B0-A73D-7B16DCCA4A95}.Debug|Any CPU.Build.0 = Debug|Any CPU
		{F75AE06E-BD5F-47B0-A73D-7B16DCCA4A95}.Release|Any CPU.ActiveCfg = Release|Any CPU
		{F75AE06E-BD5F-47B0-A73D-7B16DCCA4A95}.Release|Any CPU.Build.0 = Release|Any CPU
	EndGlobalSection
	GlobalSection(SolutionProperties) = preSolution
		HideSolutionNode = FALSE
	EndGlobalSection
	GlobalSection(ExtensibilityGlobals) = postSolution
		SolutionGuid = {3129C2ED-745C-40A2-9F1C-9C8166C18418}
	EndGlobalSection
EndGlobal
